
Microsoft Visual Studio Solution File, Format Version 12.00
# Visual Studio Version 16
VisualStudioVersion = 16.0.32510.428
MinimumVisualStudioVersion = 10.0.40219.1
Project("{FAE04EC0-301F-11D3-BF4B-00C04F79EFBC}") = "AccountBook", "AccountBook\AccountBook.csproj", "{34CF8D37-2D77-4DDB-ADC3-06069F13303C}"
EndProject
Global
	GlobalSection(SolutionConfigurationPlatforms) = preSolution
		Debug|Any CPU = Debug|Any CPU
		Release|Any CPU = Release|Any CPU
	EndGlobalSection
	GlobalSection(ProjectConfigurationPlatforms) = postSolution
		{34CF8D37-2D77-4DDB-ADC3-06069F13303C}.Debug|Any CPU.ActiveCfg = Debug|Any CPU
		{34CF8D37-2D77-4DDB-ADC3-06069F13303C}.Debug|Any CPU.Build.0 = Debug|Any CPU
		{34CF8D37-2D77-4DDB-ADC3-06069F13303C}.Release|Any CPU.ActiveCfg = Release|Any CPU
		{34CF8D37-2D77-4DDB-ADC3-06069F13303C}.Release|Any CPU.Build.0 = Release|Any CPU
	EndGlobalSection
	GlobalSection(SolutionProperties) = preSolution
		HideSolutionNode = FALSE
	EndGlobalSection
	GlobalSection(ExtensibilityGlobals) = postSolution
		SolutionGuid = {EA43AE5F-8DE4-4341-8D97-3ED9654265AD}
	EndGlobalSection
EndGlobal
